// !$*UTF8*$!
{
	archiveVersion = 1;
	classes = {
	};
	objectVersion = 56;
	objects = {

/* Begin PBXBuildFile section */
		110CD58C293CDF3100448608 /* DateTestApp.swift in Sources */ = {isa = PBXBuildFile; fileRef = 110CD58B293CDF3100448608 /* DateTestApp.swift */; };
		110CD58E293CDF3100448608 /* ContentView.swift in Sources */ = {isa = PBXBuildFile; fileRef = 110CD58D293CDF3100448608 /* ContentView.swift */; };
		110CD590293CDF3100448608 /* Assets.xcassets in Resources */ = {isa = PBXBuildFile; fileRef = 110CD58F293CDF3100448608 /* Assets.xcassets */; };
		110CD593293CDF3100448608 /* Preview Assets.xcassets in Resources */ = {isa = PBXBuildFile; fileRef = 110CD592293CDF3100448608 /* Preview Assets.xcassets */; };
		110CD59D293CDF3100448608 /* DateTestTests.swift in Sources */ = {isa = PBXBuildFile; fileRef = 110CD59C293CDF3100448608 /* DateTestTests.swift */; };
		110CD5A7293CDF3100448608 /* DateTestUITests.swift in Sources */ = {isa = PBXBuildFile; fileRef = 110CD5A6293CDF3100448608 /* DateTestUITests.swift */; };
		110CD5A9293CDF3100448608 /* DateTestUITestsLaunchTests.swift in Sources */ = {isa = PBXBuildFile; fileRef = 110CD5A8293CDF3100448608 /* DateTestUITestsLaunchTests.swift */; };
/* End PBXBuildFile section */

/* Begin PBXContainerItemProxy section */
		110CD599293CDF3100448608 /* PBXContainerItemProxy */ = {
			isa = PBXContainerItemProxy;
			containerPortal = 110CD580293CDF3000448608 /* Project object */;
			proxyType = 1;
			remoteGlobalIDString = 110CD587293CDF3100448608;
			remoteInfo = DateTest;
		};
		110CD5A3293CDF3100448608 /* PBXContainerItemProxy */ = {
			isa = PBXContainerItemProxy;
			containerPortal = 110CD580293CDF3000448608 /* Project object */;
			proxyType = 1;
			remoteGlobalIDString = 110CD587293CDF3100448608;
			remoteInfo = DateTest;
		};
/* End PBXContainerItemProxy section */

/* Begin PBXFileReference section */
		110CD588293CDF3100448608 /* DateTest.app */ = {isa = PBXFileReference; explicitFileType = wrapper.application; includeInIndex = 0; path = DateTest.app; sourceTree = BUILT_PRODUCTS_DIR; };
		110CD58B293CDF3100448608 /* DateTestApp.swift */ = {isa = PBXFileReference; lastKnownFileType = sourcecode.swift; path = DateTestApp.swift; sourceTree = "<group>"; };
		110CD58D293CDF3100448608 /* ContentView.swift */ = {isa = PBXFileReference; lastKnownFileType = sourcecode.swift; path = ContentView.swift; sourceTree = "<group>"; };
		110CD58F293CDF3100448608 /* Assets.xcassets */ = {isa = PBXFileReference; lastKnownFileType = folder.assetcatalog; path = Assets.xcassets; sourceTree = "<group>"; };
		110CD592293CDF3100448608 /* Preview Assets.xcassets */ = {isa = PBXFileReference; lastKnownFileType = folder.assetcatalog; path = "Preview Assets.xcassets"; sourceTree = "<group>"; };
		110CD598293CDF3100448608 /* DateTestTests.xctest */ = {isa = PBXFileReference; explicitFileType = wrapper.cfbundle; includeInIndex = 0; path = DateTestTests.xctest; sourceTree = BUILT_PRODUCTS_DIR; };
		110CD59C293CDF3100448608 /* DateTestTests.swift */ = {isa = PBXFileReference; lastKnownFileType = sourcecode.swift; path = DateTestTests.swift; sourceTree = "<group>"; };
		110CD5A2293CDF3100448608 /* DateTestUITests.xctest */ = {isa = PBXFileReference; explicitFileType = wrapper.cfbundle; includeInIndex = 0; path = DateTestUITests.xctest; sourceTree = BUILT_PRODUCTS_DIR; };
		110CD5A6293CDF3100448608 /* DateTestUITests.swift */ = {isa = PBXFileReference; lastKnownFileType = sourcecode.swift; path = DateTestUITests.swift; sourceTree = "<group>"; };
		110CD5A8293CDF3100448608 /* DateTestUITestsLaunchTests.swift */ = {isa = PBXFileReference; lastKnownFileType = sourcecode.swift; path = DateTestUITestsLaunchTests.swift; sourceTree = "<group>"; };
/* End PBXFileReference section */

/* Begin PBXFrameworksBuildPhase section */
		110CD585293CDF3100448608 /* Frameworks */ = {
			isa = PBXFrameworksBuildPhase;
			buildActionMask = 2147483647;
			files = (
			);
			runOnlyForDeploymentPostprocessing = 0;
		};
		110CD595293CDF3100448608 /* Frameworks */ = {
			isa = PBXFrameworksBuildPhase;
			buildActionMask = 2147483647;
			files = (
			);
			runOnlyForDeploymentPostprocessing = 0;
		};
		110CD59F293CDF3100448608 /* Frameworks */ = {
			isa = PBXFrameworksBuildPhase;
			buildActionMask = 2147483647;
			files = (
			);
			runOnlyForDeploymentPostprocessing = 0;
		};
/* End PBXFrameworksBuildPhase section */

/* Begin PBXGroup section */
		110CD57F293CDF3000448608 = {
			isa = PBXGroup;
			children = (
				110CD58A293CDF3100448608 /* DateTest */,
				110CD59B293CDF3100448608 /* DateTestTests */,
				110CD5A5293CDF3100448608 /* DateTestUITests */,
				110CD589293CDF3100448608 /* Products */,
			);
			sourceTree = "<group>";
		};
		110CD589293CDF3100448608 /* Products */ = {
			isa = PBXGroup;
			children = (
				110CD588293CDF3100448608 /* DateTest.app */,
				110CD598293CDF3100448608 /* DateTestTests.xctest */,
				110CD5A2293CDF3100448608 /* DateTestUITests.xctest */,
			);
			name = Products;
			sourceTree = "<group>";
		};
		110CD58A293CDF3100448608 /* DateTest */ = {
			isa = PBXGroup;
			children = (
				110CD58B293CDF3100448608 /* DateTestApp.swift */,
				110CD58D293CDF3100448608 /* ContentView.swift */,
				110CD58F293CDF3100448608 /* Assets.xcassets */,
				110CD591293CDF3100448608 /* Preview Content */,
			);
			path = DateTest;
			sourceTree = "<group>";
		};
		110CD591293CDF3100448608 /* Preview Content */ = {
			isa = PBXGroup;
			children = (
				110CD592293CDF3100448608 /* Preview Assets.xcassets */,
			);
			path = "Preview Content";
			sourceTree = "<group>";
		};
		110CD59B293CDF3100448608 /* DateTestTests */ = {
			isa = PBXGroup;
			children = (
				110CD59C293CDF3100448608 /* DateTestTests.swift */,
			);
			path = DateTestTests;
			sourceTree = "<group>";
		};
		110CD5A5293CDF3100448608 /* DateTestUITests */ = {
			isa = PBXGroup;
			children = (
				110CD5A6293CDF3100448608 /* DateTestUITests.swift */,
				110CD5A8293CDF3100448608 /* DateTestUITestsLaunchTests.swift */,
			);
			path = DateTestUITests;
			sourceTree = "<group>";
		};
/* End PBXGroup section */

/* Begin PBXNativeTarget section */
		110CD587293CDF3100448608 /* DateTest */ = {
			isa = PBXNativeTarget;
			buildConfigurationList = 110CD5AC293CDF3100448608 /* Build configuration list for PBXNativeTarget "DateTest" */;
			buildPhases = (
				110CD584293CDF3100448608 /* Sources */,
				110CD585293CDF3100448608 /* Frameworks */,
				110CD586293CDF3100448608 /* Resources */,
			);
			buildRules = (
			);
			dependencies = (
			);
			name = DateTest;
			productName = DateTest;
			productReference = 110CD588293CDF3100448608 /* DateTest.app */;
			productType = "com.apple.product-type.application";
		};
		110CD597293CDF3100448608 /* DateTestTests */ = {
			isa = PBXNativeTarget;
			buildConfigurationList = 110CD5AF293CDF3100448608 /* Build configuration list for PBXNativeTarget "DateTestTests" */;
			buildPhases = (
				110CD594293CDF3100448608 /* Sources */,
				110CD595293CDF3100448608 /* Frameworks */,
				110CD596293CDF3100448608 /* Resources */,
			);
			buildRules = (
			);
			dependencies = (
				110CD59A293CDF3100448608 /* PBXTargetDependency */,
			);
			name = DateTestTests;
			productName = DateTestTests;
			productReference = 110CD598293CDF3100448608 /* DateTestTests.xctest */;
			productType = "com.apple.product-type.bundle.unit-test";
		};
		110CD5A1293CDF3100448608 /* DateTestUITests */ = {
			isa = PBXNativeTarget;
			buildConfigurationList = 110CD5B2293CDF3100448608 /* Build configuration list for PBXNativeTarget "DateTestUITests" */;
			buildPhases = (
				110CD59E293CDF3100448608 /* Sources */,
				110CD59F293CDF3100448608 /* Frameworks */,
				110CD5A0293CDF3100448608 /* Resources */,
			);
			buildRules = (
			);
			dependencies = (
				110CD5A4293CDF3100448608 /* PBXTargetDependency */,
			);
			name = DateTestUITests;
			productName = DateTestUITests;
			productReference = 110CD5A2293CDF3100448608 /* DateTestUITests.xctest */;
			productType = "com.apple.product-type.bundle.ui-testing";
		};
/* End PBXNativeTarget section */

/* Begin PBXProject section */
		110CD580293CDF3000448608 /* Project object */ = {
			isa = PBXProject;
			attributes = {
				BuildIndependentTargetsInParallel = 1;
				LastSwiftUpdateCheck = 1410;
				LastUpgradeCheck = 1410;
				TargetAttributes = {
					110CD587293CDF3100448608 = {
						CreatedOnToolsVersion = 14.1;
					};
					110CD597293CDF3100448608 = {
						CreatedOnToolsVersion = 14.1;
						TestTargetID = 110CD587293CDF3100448608;
					};
					110CD5A1293CDF3100448608 = {
						CreatedOnToolsVersion = 14.1;
						TestTargetID = 110CD587293CDF3100448608;
					};
				};
			};
			buildConfigurationList = 110CD583293CDF3000448608 /* Build configuration list for PBXProject "DateTest" */;
			compatibilityVersion = "Xcode 14.0";
			developmentRegion = en;
			hasScannedForEncodings = 0;
			knownRegions = (
				en,
				Base,
			);
			mainGroup = 110CD57F293CDF3000448608;
			productRefGroup = 110CD589293CDF3100448608 /* Products */;
			projectDirPath = "";
			projectRoot = "";
			targets = (
				110CD587293CDF3100448608 /* DateTest */,
				110CD597293CDF3100448608 /* DateTestTests */,
				110CD5A1293CDF3100448608 /* DateTestUITests */,
			);
		};
/* End PBXProject section */

/* Begin PBXResourcesBuildPhase section */
		110CD586293CDF3100448608 /* Resources */ = {
			isa = PBXResourcesBuildPhase;
			buildActionMask = 2147483647;
			files = (
				110CD593293CDF3100448608 /* Preview Assets.xcassets in Resources */,
				110CD590293CDF3100448608 /* Assets.xcassets in Resources */,
			);
			runOnlyForDeploymentPostprocessing = 0;
		};
		110CD596293CDF3100448608 /* Resources */ = {
			isa = PBXResourcesBuildPhase;
			buildActionMask = 2147483647;
			files = (
			);
			runOnlyForDeploymentPostprocessing = 0;
		};
		110CD5A0293CDF3100448608 /* Resources */ = {
			isa = PBXResourcesBuildPhase;
			buildActionMask = 2147483647;
			files = (
			);
			runOnlyForDeploymentPostprocessing = 0;
		};
/* End PBXResourcesBuildPhase section */

/* Begin PBXSourcesBuildPhase section */
		110CD584293CDF3100448608 /* Sources */ = {
			isa = PBXSourcesBuildPhase;
			buildActionMask = 2147483647;
			files = (
				110CD58E293CDF3100448608 /* ContentView.swift in Sources */,
				110CD58C293CDF3100448608 /* DateTestApp.swift in Sources */,
			);
			runOnlyForDeploymentPostprocessing = 0;
		};
		110CD594293CDF3100448608 /* Sources */ = {
			isa = PBXSourcesBuildPhase;
			buildActionMask = 2147483647;
			files = (
				110CD59D293CDF3100448608 /* DateTestTests.swift in Sources */,
			);
			runOnlyForDeploymentPostprocessing = 0;
		};
		110CD59E293CDF3100448608 /* Sources */ = {
			isa = PBXSourcesBuildPhase;
			buildActionMask = 2147483647;
			files = (
				110CD5A9293CDF3100448608 /* DateTestUITestsLaunchTests.swift in Sources */,
				110CD5A7293CDF3100448608 /* DateTestUITests.swift in Sources */,
			);
			runOnlyForDeploymentPostprocessing = 0;
		};
/* End PBXSourcesBuildPhase section */

/* Begin PBXTargetDependency section */
		110CD59A293CDF3100448608 /* PBXTargetDependency */ = {
			isa = PBXTargetDependency;
			target = 110CD587293CDF3100448608 /* DateTest */;
			targetProxy = 110CD599293CDF3100448608 /* PBXContainerItemProxy */;
		};
		110CD5A4293CDF3100448608 /* PBXTargetDependency */ = {
			isa = PBXTargetDependency;
			target = 110CD587293CDF3100448608 /* DateTest */;
			targetProxy = 110CD5A3293CDF3100448608 /* PBXContainerItemProxy */;
		};
/* End PBXTargetDependency section */

/* Begin XCBuildConfiguration section */
		110CD5AA293CDF3100448608 /* Debug */ = {
			isa = XCBuildConfiguration;
			buildSettings = {
				ALWAYS_SEARCH_USER_PATHS = NO;
				CLANG_ANALYZER_NONNULL = YES;
				CLANG_ANALYZER_NUMBER_OBJECT_CONVERSION = YES_AGGRESSIVE;
				CLANG_CXX_LANGUAGE_STANDARD = "gnu++20";
				CLANG_ENABLE_MODULES = YES;
				CLANG_ENABLE_OBJC_ARC = YES;
				CLANG_ENABLE_OBJC_WEAK = YES;
				CLANG_WARN_BLOCK_CAPTURE_AUTORELEASING = YES;
				CLANG_WARN_BOOL_CONVERSION = YES;
				CLANG_WARN_COMMA = YES;
				CLANG_WARN_CONSTANT_CONVERSION = YES;
				CLANG_WARN_DEPRECATED_OBJC_IMPLEMENTATIONS = YES;
				CLANG_WARN_DIRECT_OBJC_ISA_USAGE = YES_ERROR;
				CLANG_WARN_DOCUMENTATION_COMMENTS = YES;
				CLANG_WARN_EMPTY_BODY = YES;
				CLANG_WARN_ENUM_CONVERSION = YES;
				CLANG_WARN_INFINITE_RECURSION = YES;
				CLANG_WARN_INT_CONVERSION = YES;
				CLANG_WARN_NON_LITERAL_NULL_CONVERSION = YES;
				CLANG_WARN_OBJC_IMPLICIT_RETAIN_SELF = YES;
				CLANG_WARN_OBJC_LITERAL_CONVERSION = YES;
				CLANG_WARN_OBJC_ROOT_CLASS = YES_ERROR;
				CLANG_WARN_QUOTED_INCLUDE_IN_FRAMEWORK_HEADER = YES;
				CLANG_WARN_RANGE_LOOP_ANALYSIS = YES;
				CLANG_WARN_STRICT_PROTOTYPES = YES;
				CLANG_WARN_SUSPICIOUS_MOVE = YES;
				CLANG_WARN_UNGUARDED_AVAILABILITY = YES_AGGRESSIVE;
				CLANG_WARN_UNREACHABLE_CODE = YES;
				CLANG_WARN__DUPLICATE_METHOD_MATCH = YES;
				COPY_PHASE_STRIP = NO;
				DEBUG_INFORMATION_FORMAT = dwarf;
				ENABLE_STRICT_OBJC_MSGSEND = YES;
				ENABLE_TESTABILITY = YES;
				GCC_C_LANGUAGE_STANDARD = gnu11;
				GCC_DYNAMIC_NO_PIC = NO;
				GCC_NO_COMMON_BLOCKS = YES;
				GCC_OPTIMIZATION_LEVEL = 0;
				GCC_PREPROCESSOR_DEFINITIONS = (
					"DEBUG=1",
					"$(inherited)",
				);
				GCC_WARN_64_TO_32_BIT_CONVERSION = YES;
				GCC_WARN_ABOUT_RETURN_TYPE = YES_ERROR;
				GCC_WARN_UNDECLARED_SELECTOR = YES;
				GCC_WARN_UNINITIALIZED_AUTOS = YES_AGGRESSIVE;
				GCC_WARN_UNUSED_FUNCTION = YES;
				GCC_WARN_UNUSED_VARIABLE = YES;
				IPHONEOS_DEPLOYMENT_TARGET = 16.1;
				MTL_ENABLE_DEBUG_INFO = INCLUDE_SOURCE;
				MTL_FAST_MATH = YES;
				ONLY_ACTIVE_ARCH = YES;
				SDKROOT = iphoneos;
				SWIFT_ACTIVE_COMPILATION_CONDITIONS = DEBUG;
				SWIFT_OPTIMIZATION_LEVEL = "-Onone";
			};
			name = Debug;
		};
		110CD5AB293CDF3100448608 /* Release */ = {
			isa = XCBuildConfiguration;
			buildSettings = {
				ALWAYS_SEARCH_USER_PATHS = NO;
				CLANG_ANALYZER_NONNULL = YES;
				CLANG_ANALYZER_NUMBER_OBJECT_CONVERSION = YES_AGGRESSIVE;
				CLANG_CXX_LANGUAGE_STANDARD = "gnu++20";
				CLANG_ENABLE_MODULES = YES;
				CLANG_ENABLE_OBJC_ARC = YES;
				CLANG_ENABLE_OBJC_WEAK = YES;
				CLANG_WARN_BLOCK_CAPTURE_AUTORELEASING = YES;
				CLANG_WARN_BOOL_CONVERSION = YES;
				CLANG_WARN_COMMA = YES;
				CLANG_WARN_CONSTANT_CONVERSION = YES;
				CLANG_WARN_DEPRECATED_OBJC_IMPLEMENTATIONS = YES;
				CLANG_WARN_DIRECT_OBJC_ISA_USAGE = YES_ERROR;
				CLANG_WARN_DOCUMENTATION_COMMENTS = YES;
				CLANG_WARN_EMPTY_BODY = YES;
				CLANG_WARN_ENUM_CONVERSION = YES;
				CLANG_WARN_INFINITE_RECURSION = YES;
				CLANG_WARN_INT_CONVERSION = YES;
				CLANG_WARN_NON_LITERAL_NULL_CONVERSION = YES;
				CLANG_WARN_OBJC_IMPLICIT_RETAIN_SELF = YES;
				CLANG_WARN_OBJC_LITERAL_CONVERSION = YES;
				CLANG_WARN_OBJC_ROOT_CLASS = YES_ERROR;
				CLANG_WARN_QUOTED_INCLUDE_IN_FRAMEWORK_HEADER = YES;
				CLANG_WARN_RANGE_LOOP_ANALYSIS = YES;
				CLANG_WARN_STRICT_PROTOTYPES = YES;
				CLANG_WARN_SUSPICIOUS_MOVE = YES;
				CLANG_WARN_UNGUARDED_AVAILABILITY = YES_AGGRESSIVE;
				CLANG_WARN_UNREACHABLE_CODE = YES;
				CLANG_WARN__DUPLICATE_METHOD_MATCH = YES;
				COPY_PHASE_STRIP = NO;
				DEBUG_INFORMATION_FORMAT = "dwarf-with-dsym";
				ENABLE_NS_ASSERTIONS = NO;
				ENABLE_STRICT_OBJC_MSGSEND = YES;
				GCC_C_LANGUAGE_STANDARD = gnu11;
				GCC_NO_COMMON_BLOCKS = YES;
				GCC_WARN_64_TO_32_BIT_CONVERSION = YES;
				GCC_WARN_ABOUT_RETURN_TYPE = YES_ERROR;
				GCC_WARN_UNDECLARED_SELECTOR = YES;
				GCC_WARN_UNINITIALIZED_AUTOS = YES_AGGRESSIVE;
				GCC_WARN_UNUSED_FUNCTION = YES;
				GCC_WARN_UNUSED_VARIABLE = YES;
				IPHONEOS_DEPLOYMENT_TARGET = 16.1;
				MTL_ENABLE_DEBUG_INFO = NO;
				MTL_FAST_MATH = YES;
				SDKROOT = iphoneos;
				SWIFT_COMPILATION_MODE = wholemodule;
				SWIFT_OPTIMIZATION_LEVEL = "-O";
				VALIDATE_PRODUCT = YES;
			};
			name = Release;
		};
		110CD5AD293CDF3100448608 /* Debug */ = {
			isa = XCBuildConfiguration;
			buildSettings = {
				ASSETCATALOG_COMPILER_APPICON_NAME = AppIcon;
				ASSETCATALOG_COMPILER_GLOBAL_ACCENT_COLOR_NAME = AccentColor;
				CODE_SIGN_STYLE = Automatic;
				CURRENT_PROJECT_VERSION = 1;
				DEVELOPMENT_ASSET_PATHS = "\"DateTest/Preview Content\"";
				ENABLE_PREVIEWS = YES;
				GENERATE_INFOPLIST_FILE = YES;
				INFOPLIST_KEY_UIApplicationSceneManifest_Generation = YES;
				INFOPLIST_KEY_UIApplicationSupportsIndirectInputEvents = YES;
				INFOPLIST_KEY_UILaunchScreen_Generation = YES;
				INFOPLIST_KEY_UISupportedInterfaceOrientations_iPad = "UIInterfaceOrientationPortrait UIInterfaceOrientationPortraitUpsideDown UIInterfaceOrientationLandscapeLeft UIInterfaceOrientationLandscapeRight";
				INFOPLIST_KEY_UISupportedInterfaceOrientations_iPhone = "UIInterfaceOrientationPortrait UIInterfaceOrientationLandscapeLeft UIInterfaceOrientationLandscapeRight";
				LD_RUNPATH_SEARCH_PATHS = (
					"$(inherited)",
					"@executable_path/Frameworks",
				);
				MARKETING_VERSION = 1.0;
				PRODUCT_BUNDLE_IDENTIFIER = "--.DateTest";
				PRODUCT_NAME = "$(TARGET_NAME)";
				SWIFT_EMIT_LOC_STRINGS = YES;
				SWIFT_VERSION = 5.0;
				TARGETED_DEVICE_FAMILY = "1,2";
			};
			name = Debug;
		};
		110CD5AE293CDF3100448608 /* Release */ = {
			isa = XCBuildConfiguration;
			buildSettings = {
				ASSETCATALOG_COMPILER_APPICON_NAME = AppIcon;
				ASSETCATALOG_COMPILER_GLOBAL_ACCENT_COLOR_NAME = AccentColor;
				CODE_SIGN_STYLE = Automatic;
				CURRENT_PROJECT_VERSION = 1;
				DEVELOPMENT_ASSET_PATHS = "\"DateTest/Preview Content\"";
				ENABLE_PREVIEWS = YES;
				GENERATE_INFOPLIST_FILE = YES;
				INFOPLIST_KEY_UIApplicationSceneManifest_Generation = YES;
				INFOPLIST_KEY_UIApplicationSupportsIndirectInputEvents = YES;
				INFOPLIST_KEY_UILaunchScreen_Generation = YES;
				INFOPLIST_KEY_UISupportedInterfaceOrientations_iPad = "UIInterfaceOrientationPortrait UIInterfaceOrientationPortraitUpsideDown UIInterfaceOrientationLandscapeLeft UIInterfaceOrientationLandscapeRight";
				INFOPLIST_KEY_UISupportedInterfaceOrientations_iPhone = "UIInterfaceOrientationPortrait UIInterfaceOrientationLandscapeLeft UIInterfaceOrientationLandscapeRight";
				LD_RUNPATH_SEARCH_PATHS = (
					"$(inherited)",
					"@executable_path/Frameworks",
				);
				MARKETING_VERSION = 1.0;
				PRODUCT_BUNDLE_IDENTIFIER = "--.DateTest";
				PRODUCT_NAME = "$(TARGET_NAME)";
				SWIFT_EMIT_LOC_STRINGS = YES;
				SWIFT_VERSION = 5.0;
				TARGETED_DEVICE_FAMILY = "1,2";
			};
			name = Release;
		};
		110CD5B0293CDF3100448608 /* Debug */ = {
			isa = XCBuildConfiguration;
			buildSettings = {
				ALWAYS_EMBED_SWIFT_STANDARD_LIBRARIES = YES;
				BUNDLE_LOADER = "$(TEST_HOST)";
				CODE_SIGN_STYLE = Automatic;
				CURRENT_PROJECT_VERSION = 1;
				GENERATE_INFOPLIST_FILE = YES;
				IPHONEOS_DEPLOYMENT_TARGET = 16.1;
				MARKETING_VERSION = 1.0;
				PRODUCT_BUNDLE_IDENTIFIER = "--.DateTestTests";
				PRODUCT_NAME = "$(TARGET_NAME)";
				SWIFT_EMIT_LOC_STRINGS = NO;
				SWIFT_VERSION = 5.0;
				TARGETED_DEVICE_FAMILY = "1,2";
				TEST_HOST = "$(BUILT_PRODUCTS_DIR)/DateTest.app/$(BUNDLE_EXECUTABLE_FOLDER_PATH)/DateTest";
			};
			name = Debug;
		};
		110CD5B1293CDF3100448608 /* Release */ = {
			isa = XCBuildConfiguration;
			buildSettings = {
				ALWAYS_EMBED_SWIFT_STANDARD_LIBRARIES = YES;
				BUNDLE_LOADER = "$(TEST_HOST)";
				CODE_SIGN_STYLE = Automatic;
				CURRENT_PROJECT_VERSION = 1;
				GENERATE_INFOPLIST_FILE = YES;
				IPHONEOS_DEPLOYMENT_TARGET = 16.1;
				MARKETING_VERSION = 1.0;
				PRODUCT_BUNDLE_IDENTIFIER = "--.DateTestTests";
				PRODUCT_NAME = "$(TARGET_NAME)";
				SWIFT_EMIT_LOC_STRINGS = NO;
				SWIFT_VERSION = 5.0;
				TARGETED_DEVICE_FAMILY = "1,2";
				TEST_HOST = "$(BUILT_PRODUCTS_DIR)/DateTest.app/$(BUNDLE_EXECUTABLE_FOLDER_PATH)/DateTest";
			};
			name = Release;
		};
		110CD5B3293CDF3100448608 /* Debug */ = {
			isa = XCBuildConfiguration;
			buildSettings = {
				ALWAYS_EMBED_SWIFT_STANDARD_LIBRARIES = YES;
				CODE_SIGN_STYLE = Automatic;
				CURRENT_PROJECT_VERSION = 1;
				GENERATE_INFOPLIST_FILE = YES;
				MARKETING_VERSION = 1.0;
				PRODUCT_BUNDLE_IDENTIFIER = "--.DateTestUITests";
				PRODUCT_NAME = "$(TARGET_NAME)";
				SWIFT_EMIT_LOC_STRINGS = NO;
				SWIFT_VERSION = 5.0;
				TARGETED_DEVICE_FAMILY = "1,2";
				TEST_TARGET_NAME = DateTest;
			};
			name = Debug;
		};
		110CD5B4293CDF3100448608 /* Release */ = {
			isa = XCBuildConfiguration;
			buildSettings = {
				ALWAYS_EMBED_SWIFT_STANDARD_LIBRARIES = YES;
				CODE_SIGN_STYLE = Automatic;
				CURRENT_PROJECT_VERSION = 1;
				GENERATE_INFOPLIST_FILE = YES;
				MARKETING_VERSION = 1.0;
				PRODUCT_BUNDLE_IDENTIFIER = "--.DateTestUITests";
				PRODUCT_NAME = "$(TARGET_NAME)";
				SWIFT_EMIT_LOC_STRINGS = NO;
				SWIFT_VERSION = 5.0;
				TARGETED_DEVICE_FAMILY = "1,2";
				TEST_TARGET_NAME = DateTest;
			};
			name = Release;
		};
/* End XCBuildConfiguration section */

/* Begin XCConfigurationList section */
		110CD583293CDF3000448608 /* Build configuration list for PBXProject "DateTest" */ = {
			isa = XCConfigurationList;
			buildConfigurations = (
				110CD5AA293CDF3100448608 /* Debug */,
				110CD5AB293CDF3100448608 /* Release */,
			);
			defaultConfigurationIsVisible = 0;
			defaultConfigurationName = Release;
		};
		110CD5AC293CDF3100448608 /* Build configuration list for PBXNativeTarget "DateTest" */ = {
			isa = XCConfigurationList;
			buildConfigurations = (
				110CD5AD293CDF3100448608 /* Debug */,
				110CD5AE293CDF3100448608 /* Release */,
			);
			defaultConfigurationIsVisible = 0;
			defaultConfigurationName = Release;
		};
		110CD5AF293CDF3100448608 /* Build configuration list for PBXNativeTarget "DateTestTests" */ = {
			isa = XCConfigurationList;
			buildConfigurations = (
				110CD5B0293CDF3100448608 /* Debug */,
				110CD5B1293CDF3100448608 /* Release */,
			);
			defaultConfigurationIsVisible = 0;
			defaultConfigurationName = Release;
		};
		110CD5B2293CDF3100448608 /* Build configuration list for PBXNativeTarget "DateTestUITests" */ = {
			isa = XCConfigurationList;
			buildConfigurations = (
				110CD5B3293CDF3100448608 /* Debug */,
				110CD5B4293CDF3100448608 /* Release */,
			);
			defaultConfigurationIsVisible = 0;
			defaultConfigurationName = Release;
		};
/* End XCConfigurationList section */
	};
	rootObject = 110CD580293CDF3000448608 /* Project object */;
}
